// !$*UTF8*$!
{
	archiveVersion = 1;
	classes = {
	};
	objectVersion = 46;
	objects = {

/* Begin PBXBuildFile section */
		8B1EFE911C1B45DA00E76D42 /* AppDelegate.swift in Sources */ = {isa = PBXBuildFile; fileRef = 8B1EFE901C1B45DA00E76D42 /* AppDelegate.swift */; };
		8B1EFE931C1B45DA00E76D42 /* ViewController.swift in Sources */ = {isa = PBXBuildFile; fileRef = 8B1EFE921C1B45DA00E76D42 /* ViewController.swift */; };
		8B1EFE961C1B45DA00E76D42 /* Main.storyboard in Resources */ = {isa = PBXBuildFile; fileRef = 8B1EFE941C1B45DA00E76D42 /* Main.storyboard */; };
		8B1EFE981C1B45DA00E76D42 /* Assets.xcassets in Resources */ = {isa = PBXBuildFile; fileRef = 8B1EFE971C1B45DA00E76D42 /* Assets.xcassets */; };
		8B1EFE9B1C1B45DA00E76D42 /* LaunchScreen.storyboard in Resources */ = {isa = PBXBuildFile; fileRef = 8B1EFE991C1B45DA00E76D42 /* LaunchScreen.storyboard */; };
		8B1EFEA61C1B45DA00E76D42 /* tipsTests.swift in Sources */ = {isa = PBXBuildFile; fileRef = 8B1EFEA51C1B45DA00E76D42 /* tipsTests.swift */; };
		8B1EFEB11C1B45DA00E76D42 /* tipsUITests.swift in Sources */ = {isa = PBXBuildFile; fileRef = 8B1EFEB01C1B45DA00E76D42 /* tipsUITests.swift */; };
		8BF90BF51C1C7FD300390EEF /* SettingsViewController.swift in Sources */ = {isa = PBXBuildFile; fileRef = 8BF90BF41C1C7FD300390EEF /* SettingsViewController.swift */; };
/* End PBXBuildFile section */

/* Begin PBXContainerItemProxy section */
		8B1EFEA21C1B45DA00E76D42 /* PBXContainerItemProxy */ = {
			isa = PBXContainerItemProxy;
			containerPortal = 8B1EFE851C1B45DA00E76D42 /* Project object */;
			proxyType = 1;
			remoteGlobalIDString = 8B1EFE8C1C1B45DA00E76D42;
			remoteInfo = tips;
		};
		8B1EFEAD1C1B45DA00E76D42 /* PBXContainerItemProxy */ = {
			isa = PBXContainerItemProxy;
			containerPortal = 8B1EFE851C1B45DA00E76D42 /* Project object */;
			proxyType = 1;
			remoteGlobalIDString = 8B1EFE8C1C1B45DA00E76D42;
			remoteInfo = tips;
		};
/* End PBXContainerItemProxy section */

/* Begin PBXFileReference section */
		8B1EFE8D1C1B45DA00E76D42 /* tips.app */ = {isa = PBXFileReference; explicitFileType = wrapper.application; includeInIndex = 0; path = tips.app; sourceTree = BUILT_PRODUCTS_DIR; };
		8B1EFE901C1B45DA00E76D42 /* AppDelegate.swift */ = {isa = PBXFileReference; lastKnownFileType = sourcecode.swift; path = AppDelegate.swift; sourceTree = "<group>"; };
		8B1EFE921C1B45DA00E76D42 /* ViewController.swift */ = {isa = PBXFileReference; lastKnownFileType = sourcecode.swift; path = ViewController.swift; sourceTree = "<group>"; };
		8B1EFE951C1B45DA00E76D42 /* Base */ = {isa = PBXFileReference; lastKnownFileType = file.storyboard; name = Base; path = Base.lproj/Main.storyboard; sourceTree = "<group>"; };
		8B1EFE971C1B45DA00E76D42 /* Assets.xcassets */ = {isa = PBXFileReference; lastKnownFileType = folder.assetcatalog; path = Assets.xcassets; sourceTree = "<group>"; };
		8B1EFE9A1C1B45DA00E76D42 /* Base */ = {isa = PBXFileReference; lastKnownFileType = file.storyboard; name = Base; path = Base.lproj/LaunchScreen.storyboard; sourceTree = "<group>"; };
		8B1EFE9C1C1B45DA00E76D42 /* Info.plist */ = {isa = PBXFileReference; lastKnownFileType = text.plist.xml; path = Info.plist; sourceTree = "<group>"; };
		8B1EFEA11C1B45DA00E76D42 /* tipsTests.xctest */ = {isa = PBXFileReference; explicitFileType = wrapper.cfbundle; includeInIndex = 0; path = tipsTests.xctest; sourceTree = BUILT_PRODUCTS_DIR; };
		8B1EFEA51C1B45DA00E76D42 /* tipsTests.swift */ = {isa = PBXFileReference; lastKnownFileType = sourcecode.swift; path = tipsTests.swift; sourceTree = "<group>"; };
		8B1EFEA71C1B45DA00E76D42 /* Info.plist */ = {isa = PBXFileReference; lastKnownFileType = text.plist.xml; path = Info.plist; sourceTree = "<group>"; };
		8B1EFEAC1C1B45DA00E76D42 /* tipsUITests.xctest */ = {isa = PBXFileReference; explicitFileType = wrapper.cfbundle; includeInIndex = 0; path = tipsUITests.xctest; sourceTree = BUILT_PRODUCTS_DIR; };
		8B1EFEB01C1B45DA00E76D42 /* tipsUITests.swift */ = {isa = PBXFileReference; lastKnownFileType = sourcecode.swift; path = tipsUITests.swift; sourceTree = "<group>"; };
		8B1EFEB21C1B45DA00E76D42 /* Info.plist */ = {isa = PBXFileReference; lastKnownFileType = text.plist.xml; path = Info.plist; sourceTree = "<group>"; };
		8BF90BF41C1C7FD300390EEF /* SettingsViewController.swift */ = {isa = PBXFileReference; fileEncoding = 4; lastKnownFileType = sourcecode.swift; name = SettingsViewController.swift; path = ../SettingsViewController.swift; sourceTree = "<group>"; };
/* End PBXFileReference section */

/* Begin PBXFrameworksBuildPhase section */
		8B1EFE8A1C1B45DA00E76D42 /* Frameworks */ = {
			isa = PBXFrameworksBuildPhase;
			buildActionMask = 2147483647;
			files = (
			);
			runOnlyForDeploymentPostprocessing = 0;
		};
		8B1EFE9E1C1B45DA00E76D42 /* Frameworks */ = {
			isa = PBXFrameworksBuildPhase;
			buildActionMask = 2147483647;
			files = (
			);
			runOnlyForDeploymentPostprocessing = 0;
		};
		8B1EFEA91C1B45DA00E76D42 /* Frameworks */ = {
			isa = PBXFrameworksBuildPhase;
			buildActionMask = 2147483647;
			files = (
			);
			runOnlyForDeploymentPostprocessing = 0;
		};
/* End PBXFrameworksBuildPhase section */

/* Begin PBXGroup section */
		8B1EFE841C1B45DA00E76D42 = {
			isa = PBXGroup;
			children = (
				8B1EFE8F1C1B45DA00E76D42 /* tips */,
				8B1EFEA41C1B45DA00E76D42 /* tipsTests */,
				8B1EFEAF1C1B45DA00E76D42 /* tipsUITests */,
				8B1EFE8E1C1B45DA00E76D42 /* Products */,
			);
			sourceTree = "<group>";
		};
		8B1EFE8E1C1B45DA00E76D42 /* Products */ = {
			isa = PBXGroup;
			children = (
				8B1EFE8D1C1B45DA00E76D42 /* tips.app */,
				8B1EFEA11C1B45DA00E76D42 /* tipsTests.xctest */,
				8B1EFEAC1C1B45DA00E76D42 /* tipsUITests.xctest */,
			);
			name = Products;
			sourceTree = "<group>";
		};
		8B1EFE8F1C1B45DA00E76D42 /* tips */ = {
			isa = PBXGroup;
			children = (
				8BF90BF41C1C7FD300390EEF /* SettingsViewController.swift */,
				8B1EFE901C1B45DA00E76D42 /* AppDelegate.swift */,
				8B1EFE921C1B45DA00E76D42 /* ViewController.swift */,
				8B1EFE941C1B45DA00E76D42 /* Main.storyboard */,
				8B1EFE971C1B45DA00E76D42 /* Assets.xcassets */,
				8B1EFE991C1B45DA00E76D42 /* LaunchScreen.storyboard */,
				8B1EFE9C1C1B45DA00E76D42 /* Info.plist */,
			);
			path = tips;
			sourceTree = "<group>";
		};
		8B1EFEA41C1B45DA00E76D42 /* tipsTests */ = {
			isa = PBXGroup;
			children = (
				8B1EFEA51C1B45DA00E76D42 /* tipsTests.swift */,
				8B1EFEA71C1B45DA00E76D42 /* Info.plist */,
			);
			path = tipsTests;
			sourceTree = "<group>";
		};
		8B1EFEAF1C1B45DA00E76D42 /* tipsUITests */ = {
			isa = PBXGroup;
			children = (
				8B1EFEB01C1B45DA00E76D42 /* tipsUITests.swift */,
				8B1EFEB21C1B45DA00E76D42 /* Info.plist */,
			);
			path = tipsUITests;
			sourceTree = "<group>";
		};
/* End PBXGroup section */

/* Begin PBXNativeTarget section */
		8B1EFE8C1C1B45DA00E76D42 /* tips */ = {
			isa = PBXNativeTarget;
			buildConfigurationList = 8B1EFEB51C1B45DA00E76D42 /* Build configuration list for PBXNativeTarget "tips" */;
			buildPhases = (
				8B1EFE891C1B45DA00E76D42 /* Sources */,
				8B1EFE8A1C1B45DA00E76D42 /* Frameworks */,
				8B1EFE8B1C1B45DA00E76D42 /* Resources */,
			);
			buildRules = (
			);
			dependencies = (
			);
			name = tips;
			productName = tips;
			productReference = 8B1EFE8D1C1B45DA00E76D42 /* tips.app */;
			productType = "com.apple.product-type.application";
		};
		8B1EFEA01C1B45DA00E76D42 /* tipsTests */ = {
			isa = PBXNativeTarget;
			buildConfigurationList = 8B1EFEB81C1B45DA00E76D42 /* Build configuration list for PBXNativeTarget "tipsTests" */;
			buildPhases = (
				8B1EFE9D1C1B45DA00E76D42 /* Sources */,
				8B1EFE9E1C1B45DA00E76D42 /* Frameworks */,
				8B1EFE9F1C1B45DA00E76D42 /* Resources */,
			);
			buildRules = (
			);
			dependencies = (
				8B1EFEA31C1B45DA00E76D42 /* PBXTargetDependency */,
			);
			name = tipsTests;
			productName = tipsTests;
			productReference = 8B1EFEA11C1B45DA00E76D42 /* tipsTests.xctest */;
			productType = "com.apple.product-type.bundle.unit-test";
		};
		8B1EFEAB1C1B45DA00E76D42 /* tipsUITests */ = {
			isa = PBXNativeTarget;
			buildConfigurationList = 8B1EFEBB1C1B45DA00E76D42 /* Build configuration list for PBXNativeTarget "tipsUITests" */;
			buildPhases = (
				8B1EFEA81C1B45DA00E76D42 /* Sources */,
				8B1EFEA91C1B45DA00E76D42 /* Frameworks */,
				8B1EFEAA1C1B45DA00E76D42 /* Resources */,
			);
			buildRules = (
			);
			dependencies = (
				8B1EFEAE1C1B45DA00E76D42 /* PBXTargetDependency */,
			);
			name = tipsUITests;
			productName = tipsUITests;
			productReference = 8B1EFEAC1C1B45DA00E76D42 /* tipsUITests.xctest */;
			productType = "com.apple.product-type.bundle.ui-testing";
		};
/* End PBXNativeTarget section */

/* Begin PBXProject section */
		8B1EFE851C1B45DA00E76D42 /* Project object */ = {
			isa = PBXProject;
			attributes = {
				LastSwiftUpdateCheck = 0720;
				LastUpgradeCheck = 0720;
				ORGANIZATIONNAME = "Varun Chandra Jammula";
				TargetAttributes = {
					8B1EFE8C1C1B45DA00E76D42 = {
						CreatedOnToolsVersion = 7.2;
						DevelopmentTeam = 87ZUMPSSTF;
					};
					8B1EFEA01C1B45DA00E76D42 = {
						CreatedOnToolsVersion = 7.2;
						TestTargetID = 8B1EFE8C1C1B45DA00E76D42;
					};
					8B1EFEAB1C1B45DA00E76D42 = {
						CreatedOnToolsVersion = 7.2;
						TestTargetID = 8B1EFE8C1C1B45DA00E76D42;
					};
				};
			};
			buildConfigurationList = 8B1EFE881C1B45DA00E76D42 /* Build configuration list for PBXProject "tips" */;
			compatibilityVersion = "Xcode 3.2";
			developmentRegion = English;
			hasScannedForEncodings = 0;
			knownRegions = (
				en,
				Base,
			);
			mainGroup = 8B1EFE841C1B45DA00E76D42;
			productRefGroup = 8B1EFE8E1C1B45DA00E76D42 /* Products */;
			projectDirPath = "";
			projectRoot = "";
			targets = (
				8B1EFE8C1C1B45DA00E76D42 /* tips */,
				8B1EFEA01C1B45DA00E76D42 /* tipsTests */,
				8B1EFEAB1C1B45DA00E76D42 /* tipsUITests */,
			);
		};
/* End PBXProject section */

/* Begin PBXResourcesBuildPhase section */
		8B1EFE8B1C1B45DA00E76D42 /* Resources */ = {
			isa = PBXResourcesBuildPhase;
			buildActionMask = 2147483647;
			files = (
				8B1EFE9B1C1B45DA00E76D42 /* LaunchScreen.storyboard in Resources */,
				8B1EFE981C1B45DA00E76D42 /* Assets.xcassets in Resources */,
				8B1EFE961C1B45DA00E76D42 /* Main.storyboard in Resources */,
			);
			runOnlyForDeploymentPostprocessing = 0;
		};
		8B1EFE9F1C1B45DA00E76D42 /* Resources */ = {
			isa = PBXResourcesBuildPhase;
			buildActionMask = 2147483647;
			files = (
			);
			runOnlyForDeploymentPostprocessing = 0;
		};
		8B1EFEAA1C1B45DA00E76D42 /* Resources */ = {
			isa = PBXResourcesBuildPhase;
			buildActionMask = 2147483647;
			files = (
			);
			runOnlyForDeploymentPostprocessing = 0;
		};
/* End PBXResourcesBuildPhase section */

/* Begin PBXSourcesBuildPhase section */
		8B1EFE891C1B45DA00E76D42 /* Sources */ = {
			isa = PBXSourcesBuildPhase;
			buildActionMask = 2147483647;
			files = (
				8B1EFE931C1B45DA00E76D42 /* ViewController.swift in Sources */,
				8B1EFE911C1B45DA00E76D42 /* AppDelegate.swift in Sources */,
				8BF90BF51C1C7FD300390EEF /* SettingsViewController.swift in Sources */,
			);
			runOnlyForDeploymentPostprocessing = 0;
		};
		8B1EFE9D1C1B45DA00E76D42 /* Sources */ = {
			isa = PBXSourcesBuildPhase;
			buildActionMask = 2147483647;
			files = (
				8B1EFEA61C1B45DA00E76D42 /* tipsTests.swift in Sources */,
			);
			runOnlyForDeploymentPostprocessing = 0;
		};
		8B1EFEA81C1B45DA00E76D42 /* Sources */ = {
			isa = PBXSourcesBuildPhase;
			buildActionMask = 2147483647;
			files = (
				8B1EFEB11C1B45DA00E76D42 /* tipsUITests.swift in Sources */,
			);
			runOnlyForDeploymentPostprocessing = 0;
		};
/* End PBXSourcesBuildPhase section */

/* Begin PBXTargetDependency section */
		8B1EFEA31C1B45DA00E76D42 /* PBXTargetDependency */ = {
			isa = PBXTargetDependency;
			target = 8B1EFE8C1C1B45DA00E76D42 /* tips */;
			targetProxy = 8B1EFEA21C1B45DA00E76D42 /* PBXContainerItemProxy */;
		};
		8B1EFEAE1C1B45DA00E76D42 /* PBXTargetDependency */ = {
			isa = PBXTargetDependency;
			target = 8B1EFE8C1C1B45DA00E76D42 /* tips */;
			targetProxy = 8B1EFEAD1C1B45DA00E76D42 /* PBXContainerItemProxy */;
		};
/* End PBXTargetDependency section */

/* Begin PBXVariantGroup section */
		8B1EFE941C1B45DA00E76D42 /* Main.storyboard */ = {
			isa = PBXVariantGroup;
			children = (
				8B1EFE951C1B45DA00E76D42 /* Base */,
			);
			name = Main.storyboard;
			sourceTree = "<group>";
		};
		8B1EFE991C1B45DA00E76D42 /* LaunchScreen.storyboard */ = {
			isa = PBXVariantGroup;
			children = (
				8B1EFE9A1C1B45DA00E76D42 /* Base */,
			);
			name = LaunchScreen.storyboard;
			sourceTree = "<group>";
		};
/* End PBXVariantGroup section */

/* Begin XCBuildConfiguration section */
		8B1EFEB31C1B45DA00E76D42 /* Debug */ = {
			isa = XCBuildConfiguration;
			buildSettings = {
				ALWAYS_SEARCH_USER_PATHS = NO;
				CLANG_CXX_LANGUAGE_STANDARD = "gnu++0x";
				CLANG_CXX_LIBRARY = "libc++";
				CLANG_ENABLE_MODULES = YES;
				CLANG_ENABLE_OBJC_ARC = YES;
				CLANG_WARN_BOOL_CONVERSION = YES;
				CLANG_WARN_CONSTANT_CONVERSION = YES;
				CLANG_WARN_DIRECT_OBJC_ISA_USAGE = YES_ERROR;
				CLANG_WARN_EMPTY_BODY = YES;
				CLANG_WARN_ENUM_CONVERSION = YES;
				CLANG_WARN_INT_CONVERSION = YES;
				CLANG_WARN_OBJC_ROOT_CLASS = YES_ERROR;
				CLANG_WARN_UNREACHABLE_CODE = YES;
				CLANG_WARN__DUPLICATE_METHOD_MATCH = YES;
				"CODE_SIGN_IDENTITY[sdk=iphoneos*]" = "iPhone Developer";
				COPY_PHASE_STRIP = NO;
				DEBUG_INFORMATION_FORMAT = dwarf;
				ENABLE_STRICT_OBJC_MSGSEND = YES;
				ENABLE_TESTABILITY = YES;
				GCC_C_LANGUAGE_STANDARD = gnu99;
				GCC_DYNAMIC_NO_PIC = NO;
				GCC_NO_COMMON_BLOCKS = YES;
				GCC_OPTIMIZATION_LEVEL = 0;
				GCC_PREPROCESSOR_DEFINITIONS = (
					"DEBUG=1",
					"$(inherited)",
				);
				GCC_WARN_64_TO_32_BIT_CONVERSION = YES;
				GCC_WARN_ABOUT_RETURN_TYPE = YES_ERROR;
				GCC_WARN_UNDECLARED_SELECTOR = YES;
				GCC_WARN_UNINITIALIZED_AUTOS = YES_AGGRESSIVE;
				GCC_WARN_UNUSED_FUNCTION = YES;
				GCC_WARN_UNUSED_VARIABLE = YES;
				IPHONEOS_DEPLOYMENT_TARGET = 9.2;
				MTL_ENABLE_DEBUG_INFO = YES;
				ONLY_ACTIVE_ARCH = YES;
				SDKROOT = iphoneos;
				SWIFT_OPTIMIZATION_LEVEL = "-Onone";
			};
			name = Debug;
		};
		8B1EFEB41C1B45DA00E76D42 /* Release */ = {
			isa = XCBuildConfiguration;
			buildSettings = {
				ALWAYS_SEARCH_USER_PATHS = NO;
				CLANG_CXX_LANGUAGE_STANDARD = "gnu++0x";
				CLANG_CXX_LIBRARY = "libc++";
				CLANG_ENABLE_MODULES = YES;
				CLANG_ENABLE_OBJC_ARC = YES;
				CLANG_WARN_BOOL_CONVERSION = YES;
				CLANG_WARN_CONSTANT_CONVERSION = YES;
				CLANG_WARN_DIRECT_OBJC_ISA_USAGE = YES_ERROR;
				CLANG_WARN_EMPTY_BODY = YES;
				CLANG_WARN_ENUM_CONVERSION = YES;
				CLANG_WARN_INT_CONVERSION = YES;
				CLANG_WARN_OBJC_ROOT_CLASS = YES_ERROR;
				CLANG_WARN_UNREACHABLE_CODE = YES;
				CLANG_WARN__DUPLICATE_METHOD_MATCH = YES;
				"CODE_SIGN_IDENTITY[sdk=iphoneos*]" = "iPhone Developer";
				COPY_PHASE_STRIP = NO;
				DEBUG_INFORMATION_FORMAT = "dwarf-with-dsym";
				ENABLE_NS_ASSERTIONS = NO;
				ENABLE_STRICT_OBJC_MSGSEND = YES;
				GCC_C_LANGUAGE_STANDARD = gnu99;
				GCC_NO_COMMON_BLOCKS = YES;
				GCC_WARN_64_TO_32_BIT_CONVERSION = YES;
				GCC_WARN_ABOUT_RETURN_TYPE = YES_ERROR;
				GCC_WARN_UNDECLARED_SELECTOR = YES;
				GCC_WARN_UNINITIALIZED_AUTOS = YES_AGGRESSIVE;
				GCC_WARN_UNUSED_FUNCTION = YES;
				GCC_WARN_UNUSED_VARIABLE = YES;
				IPHONEOS_DEPLOYMENT_TARGET = 9.2;
				MTL_ENABLE_DEBUG_INFO = NO;
				SDKROOT = iphoneos;
				VALIDATE_PRODUCT = YES;
			};
			name = Release;
		};
		8B1EFEB61C1B45DA00E76D42 /* Debug */ = {
			isa = XCBuildConfiguration;
			buildSettings = {
				ASSETCATALOG_COMPILER_APPICON_NAME = AppIcon;
				CODE_SIGN_IDENTITY = "iPhone Developer";
				"CODE_SIGN_IDENTITY[sdk=iphoneos*]" = "iPhone Developer";
				INFOPLIST_FILE = tips/Info.plist;
				LD_RUNPATH_SEARCH_PATHS = "$(inherited) @executable_path/Frameworks";
				PRODUCT_BUNDLE_IDENTIFIER = com.vjammula.tips.tips;
				PRODUCT_NAME = "$(TARGET_NAME)";
				PROVISIONING_PROFILE = "";
			};
			name = Debug;
		};
		8B1EFEB71C1B45DA00E76D42 /* Release */ = {
			isa = XCBuildConfiguration;
			buildSettings = {
				ASSETCATALOG_COMPILER_APPICON_NAME = AppIcon;
				CODE_SIGN_IDENTITY = "iPhone Developer";
				"CODE_SIGN_IDENTITY[sdk=iphoneos*]" = "iPhone Developer";
				INFOPLIST_FILE = tips/Info.plist;
				LD_RUNPATH_SEARCH_PATHS = "$(inherited) @executable_path/Frameworks";
				PRODUCT_BUNDLE_IDENTIFIER = com.vjammula.tips.tips;
				PRODUCT_NAME = "$(TARGET_NAME)";
				PROVISIONING_PROFILE = "";
			};
			name = Release;
		};
		8B1EFEB91C1B45DA00E76D42 /* Debug */ = {
			isa = XCBuildConfiguration;
			buildSettings = {
				BUNDLE_LOADER = "$(TEST_HOST)";
				INFOPLIST_FILE = tipsTests/Info.plist;
				LD_RUNPATH_SEARCH_PATHS = "$(inherited) @executable_path/Frameworks @loader_path/Frameworks";
				PRODUCT_BUNDLE_IDENTIFIER = com.vjammula.tips.tipsTests;
				PRODUCT_NAME = "$(TARGET_NAME)";
				TEST_HOST = "$(BUILT_PRODUCTS_DIR)/tips.app/tips";
			};
			name = Debug;
		};
		8B1EFEBA1C1B45DA00E76D42 /* Release */ = {
			isa = XCBuildConfiguration;
			buildSettings = {
				BUNDLE_LOADER = "$(TEST_HOST)";
				INFOPLIST_FILE = tipsTests/Info.plist;
				LD_RUNPATH_SEARCH_PATHS = "$(inherited) @executable_path/Frameworks @loader_path/Frameworks";
				PRODUCT_BUNDLE_IDENTIFIER = com.vjammula.tips.tipsTests;
				PRODUCT_NAME = "$(TARGET_NAME)";
				TEST_HOST = "$(BUILT_PRODUCTS_DIR)/tips.app/tips";
			};
			name = Release;
		};
		8B1EFEBC1C1B45DA00E76D42 /* Debug */ = {
			isa = XCBuildConfiguration;
			buildSettings = {
				INFOPLIST_FILE = tipsUITests/Info.plist;
				LD_RUNPATH_SEARCH_PATHS = "$(inherited) @executable_path/Frameworks @loader_path/Frameworks";
				PRODUCT_BUNDLE_IDENTIFIER = com.vjammula.tips.tipsUITests;
				PRODUCT_NAME = "$(TARGET_NAME)";
				TEST_TARGET_NAME = tips;
				USES_XCTRUNNER = YES;
			};
			name = Debug;
		};
		8B1EFEBD1C1B45DA00E76D42 /* Release */ = {
			isa = XCBuildConfiguration;
			buildSettings = {
				INFOPLIST_FILE = tipsUITests/Info.plist;
				LD_RUNPATH_SEARCH_PATHS = "$(inherited) @executable_path/Frameworks @loader_path/Frameworks";
				PRODUCT_BUNDLE_IDENTIFIER = com.vjammula.tips.tipsUITests;
				PRODUCT_NAME = "$(TARGET_NAME)";
				TEST_TARGET_NAME = tips;
				USES_XCTRUNNER = YES;
			};
			name = Release;
		};
/* End XCBuildConfiguration section */

/* Begin XCConfigurationList section */
		8B1EFE881C1B45DA00E76D42 /* Build configuration list for PBXProject "tips" */ = {
			isa = XCConfigurationList;
			buildConfigurations = (
				8B1EFEB31C1B45DA00E76D42 /* Debug */,
				8B1EFEB41C1B45DA00E76D42 /* Release */,
			);
			defaultConfigurationIsVisible = 0;
			defaultConfigurationName = Release;
		};
		8B1EFEB51C1B45DA00E76D42 /* Build configuration list for PBXNativeTarget "tips" */ = {
			isa = XCConfigurationList;
			buildConfigurations = (
				8B1EFEB61C1B45DA00E76D42 /* Debug */,
				8B1EFEB71C1B45DA00E76D42 /* Release */,
			);
			defaultConfigurationIsVisible = 0;
			defaultConfigurationName = Release;
		};
		8B1EFEB81C1B45DA00E76D42 /* Build configuration list for PBXNativeTarget "tipsTests" */ = {
			isa = XCConfigurationList;
			buildConfigurations = (
				8B1EFEB91C1B45DA00E76D42 /* Debug */,
				8B1EFEBA1C1B45DA00E76D42 /* Release */,
			);
			defaultConfigurationIsVisible = 0;
			defaultConfigurationName = Release;
		};
		8B1EFEBB1C1B45DA00E76D42 /* Build configuration list for PBXNativeTarget "tipsUITests" */ = {
			isa = XCConfigurationList;
			buildConfigurations = (
				8B1EFEBC1C1B45DA00E76D42 /* Debug */,
				8B1EFEBD1C1B45DA00E76D42 /* Release */,
			);
			defaultConfigurationIsVisible = 0;
			defaultConfigurationName = Release;
		};
/* End XCConfigurationList section */
	};
	rootObject = 8B1EFE851C1B45DA00E76D42 /* Project object */;
}
